
Microsoft Visual Studio Solution File, Format Version 12.00
# Visual Studio Version 17
VisualStudioVersion = 17.9.34723.18
MinimumVisualStudioVersion = 10.0.40219.1
Project("{FAE04EC0-301F-11D3-BF4B-00C04F79EFBC}") = "SliderControl", "SliderControl.csproj", "{43BEFD17-935C-489B-A1D5-06D16613E45F}"
EndProject
Global
	GlobalSection(SolutionConfigurationPlatforms) = preSolution
		Debug|Any CPU = Debug|Any CPU
		Release|Any CPU = Release|Any CPU
	EndGlobalSection
	GlobalSection(ProjectConfigurationPlatforms) = postSolution
		{43BEFD17-935C-489B-A1D5-06D16613E45F}.Debug|Any CPU.ActiveCfg = Debug|Any CPU
		{43BEFD17-935C-489B-A1D5-06D16613E45F}.Debug|Any CPU.Build.0 = Debug|Any CPU
		{43BEFD17-935C-489B-A1D5-06D16613E45F}.Release|Any CPU.ActiveCfg = Release|Any CPU
		{43BEFD17-935C-489B-A1D5-06D16613E45F}.Release|Any CPU.Build.0 = Release|Any CPU
	EndGlobalSection
	GlobalSection(SolutionProperties) = preSolution
		HideSolutionNode = FALSE
	EndGlobalSection
	GlobalSection(ExtensibilityGlobals) = postSolution
		SolutionGuid = {B4C60124-1EC5-4FDD-A799-FF8766634A79}
	EndGlobalSection
EndGlobal
